
Microsoft Visual Studio Solution File, Format Version 12.00
# Visual Studio Version 17
VisualStudioVersion = 17.5.33627.172
MinimumVisualStudioVersion = 10.0.40219.1
Project("{FAE04EC0-301F-11D3-BF4B-00C04F79EFBC}") = "Practica 14-02-2024", "Practica 14-02-2024.csproj", "{2F81BC06-7A8B-45DA-B9BB-434F4DDA4952}"
EndProject
Global
	GlobalSection(SolutionConfigurationPlatforms) = preSolution
		Debug|Any CPU = Debug|Any CPU
		Release|Any CPU = Release|Any CPU
	EndGlobalSection
	GlobalSection(ProjectConfigurationPlatforms) = postSolution
		{2F81BC06-7A8B-45DA-B9BB-434F4DDA4952}.Debug|Any CPU.ActiveCfg = Debug|Any CPU
		{2F81BC06-7A8B-45DA-B9BB-434F4DDA4952}.Debug|Any CPU.Build.0 = Debug|Any CPU
		{2F81BC06-7A8B-45DA-B9BB-434F4DDA4952}.Release|Any CPU.ActiveCfg = Release|Any CPU
		{2F81BC06-7A8B-45DA-B9BB-434F4DDA4952}.Release|Any CPU.Build.0 = Release|Any CPU
	EndGlobalSection
	GlobalSection(SolutionProperties) = preSolution
		HideSolutionNode = FALSE
	EndGlobalSection
	GlobalSection(ExtensibilityGlobals) = postSolution
		SolutionGuid = {129F9067-86CD-4440-9B0C-D0F1638930F3}
	EndGlobalSection
EndGlobal
